
Microsoft Visual Studio Solution File, Format Version 12.00
# Visual Studio 14
VisualStudioVersion = 14.0.25420.1
MinimumVisualStudioVersion = 10.0.40219.1
Project("{2150E333-8FDC-42A3-9474-1A3956D46DE8}") = "0 - Documentacao", "0 - Documentacao", "{0FE37AD2-22FB-4E55-8B85-048903DE1B5A}"
	ProjectSection(SolutionItems) = preProject
		Analise\UC - EcommerceX.vsdx = Analise\UC - EcommerceX.vsdx
	EndProjectSection
EndProject
Project("{2150E333-8FDC-42A3-9474-1A3956D46DE8}") = "4 - Infra", "4 - Infra", "{6F66DE42-FA72-4B7D-92A2-7336E811B30C}"
EndProject
Project("{2150E333-8FDC-42A3-9474-1A3956D46DE8}") = "3 - Core", "3 - Core", "{62812932-7885-4105-8805-45C926AC2C4C}"
EndProject
Project("{FAE04EC0-301F-11D3-BF4B-00C04F79EFBC}") = "EcX.Dominio", "EcX.Dominio\EcX.Dominio.csproj", "{D5B03375-7D45-410F-9206-AC00F7A1003F}"
EndProject
Project("{2150E333-8FDC-42A3-9474-1A3956D46DE8}") = "1 - API", "1 - API", "{0156B2BF-EEFB-48EF-90D0-7E7531E442C1}"
EndProject
Project("{FAE04EC0-301F-11D3-BF4B-00C04F79EFBC}") = "EcX.Server.WebApi", "Ecx.Server.WebApi\EcX.Server.WebApi.csproj", "{6E2BA580-8AF8-4420-B7AB-856C7486622A}"
EndProject
Project("{FAE04EC0-301F-11D3-BF4B-00C04F79EFBC}") = "EcX.Infra.Data", "Ecx.Data\EcX.Infra.Data.csproj", "{9C3BFC9E-B434-435B-9A32-681E47C05B90}"
EndProject
Project("{2150E333-8FDC-42A3-9474-1A3956D46DE8}") = "4.1 Data", "4.1 Data", "{D6309D57-4ADC-4477-A078-8045F3F9BC11}"
EndProject
Project("{2150E333-8FDC-42A3-9474-1A3956D46DE8}") = "2 - Application", "2 - Application", "{6F1048A4-A340-469C-B7D8-E7A332B3DCB1}"
EndProject
Project("{FAE04EC0-301F-11D3-BF4B-00C04F79EFBC}") = "EcX.Aplicacao", "Ecx.Applicacao\EcX.Aplicacao.csproj", "{594ED7F9-5A31-4A40-BAE2-180617169F7F}"
EndProject
Project("{2150E333-8FDC-42A3-9474-1A3956D46DE8}") = "4.2 CrossCutting", "4.2 CrossCutting", "{63BC3CBF-4F59-4D2A-BCD7-71B8C195E563}"
EndProject
Project("{FAE04EC0-301F-11D3-BF4B-00C04F79EFBC}") = "Ecx.Infra.CrossCutting", "Ecx.Infra.CrossCutting\Ecx.Infra.CrossCutting.csproj", "{0468099D-A93A-48F1-B412-CB0E5D449EAA}"
EndProject
Project("{FAE04EC0-301F-11D3-BF4B-00C04F79EFBC}") = "Ecx.ConfigDependencia", "Ecx.ConfigDependencia\Ecx.ConfigDependencia.csproj", "{A37004F5-DB7F-4A02-9481-5C62A9D29C49}"
EndProject
Project("{FAE04EC0-301F-11D3-BF4B-00C04F79EFBC}") = "Ecx.Infra.CrossCutting.IoC", "Ecx.CrossCutting.IoC\Ecx.Infra.CrossCutting.IoC.csproj", "{1EC3C537-75D9-44CB-B3C9-80B38F112E33}"
EndProject
Project("{FAE04EC0-301F-11D3-BF4B-00C04F79EFBC}") = "EcX.Host", "EcX.Host\EcX.Host.csproj", "{AEF6AA71-076B-4A0E-B560-34F2D683F3EC}"
EndProject
Project("{FAE04EC0-301F-11D3-BF4B-00C04F79EFBC}") = "Web", "Web\Web.csproj", "{285A3A71-9451-4574-9DCF-1BAB24B425FC}"
EndProject
Global
	GlobalSection(SolutionConfigurationPlatforms) = preSolution
		Debug|Any CPU = Debug|Any CPU
		Release|Any CPU = Release|Any CPU
	EndGlobalSection
	GlobalSection(ProjectConfigurationPlatforms) = postSolution
		{D5B03375-7D45-410F-9206-AC00F7A1003F}.Debug|Any CPU.ActiveCfg = Debug|Any CPU
		{D5B03375-7D45-410F-9206-AC00F7A1003F}.Debug|Any CPU.Build.0 = Debug|Any CPU
		{D5B03375-7D45-410F-9206-AC00F7A1003F}.Release|Any CPU.ActiveCfg = Release|Any CPU
		{D5B03375-7D45-410F-9206-AC00F7A1003F}.Release|Any CPU.Build.0 = Release|Any CPU
		{6E2BA580-8AF8-4420-B7AB-856C7486622A}.Debug|Any CPU.ActiveCfg = Debug|Any CPU
		{6E2BA580-8AF8-4420-B7AB-856C7486622A}.Debug|Any CPU.Build.0 = Debug|Any CPU
		{6E2BA580-8AF8-4420-B7AB-856C7486622A}.Release|Any CPU.ActiveCfg = Release|Any CPU
		{6E2BA580-8AF8-4420-B7AB-856C7486622A}.Release|Any CPU.Build.0 = Release|Any CPU
		{9C3BFC9E-B434-435B-9A32-681E47C05B90}.Debug|Any CPU.ActiveCfg = Debug|Any CPU
		{9C3BFC9E-B434-435B-9A32-681E47C05B90}.Debug|Any CPU.Build.0 = Debug|Any CPU
		{9C3BFC9E-B434-435B-9A32-681E47C05B90}.Release|Any CPU.ActiveCfg = Release|Any CPU
		{9C3BFC9E-B434-435B-9A32-681E47C05B90}.Release|Any CPU.Build.0 = Release|Any CPU
		{594ED7F9-5A31-4A40-BAE2-180617169F7F}.Debug|Any CPU.ActiveCfg = Debug|Any CPU
		{594ED7F9-5A31-4A40-BAE2-180617169F7F}.Debug|Any CPU.Build.0 = Debug|Any CPU
		{594ED7F9-5A31-4A40-BAE2-180617169F7F}.Release|Any CPU.ActiveCfg = Release|Any CPU
		{594ED7F9-5A31-4A40-BAE2-180617169F7F}.Release|Any CPU.Build.0 = Release|Any CPU
		{0468099D-A93A-48F1-B412-CB0E5D449EAA}.Debug|Any CPU.ActiveCfg = Debug|Any CPU
		{0468099D-A93A-48F1-B412-CB0E5D449EAA}.Debug|Any CPU.Build.0 = Debug|Any CPU
		{0468099D-A93A-48F1-B412-CB0E5D449EAA}.Release|Any CPU.ActiveCfg = Release|Any CPU
		{0468099D-A93A-48F1-B412-CB0E5D449EAA}.Release|Any CPU.Build.0 = Release|Any CPU
		{A37004F5-DB7F-4A02-9481-5C62A9D29C49}.Debug|Any CPU.ActiveCfg = Debug|Any CPU
		{A37004F5-DB7F-4A02-9481-5C62A9D29C49}.Debug|Any CPU.Build.0 = Debug|Any CPU
		{A37004F5-DB7F-4A02-9481-5C62A9D29C49}.Release|Any CPU.ActiveCfg = Release|Any CPU
		{A37004F5-DB7F-4A02-9481-5C62A9D29C49}.Release|Any CPU.Build.0 = Release|Any CPU
		{1EC3C537-75D9-44CB-B3C9-80B38F112E33}.Debug|Any CPU.ActiveCfg = Debug|Any CPU
		{1EC3C537-75D9-44CB-B3C9-80B38F112E33}.Debug|Any CPU.Build.0 = Debug|Any CPU
		{1EC3C537-75D9-44CB-B3C9-80B38F112E33}.Release|Any CPU.ActiveCfg = Release|Any CPU
		{1EC3C537-75D9-44CB-B3C9-80B38F112E33}.Release|Any CPU.Build.0 = Release|Any CPU
		{AEF6AA71-076B-4A0E-B560-34F2D683F3EC}.Debug|Any CPU.ActiveCfg = Debug|Any CPU
		{AEF6AA71-076B-4A0E-B560-34F2D683F3EC}.Debug|Any CPU.Build.0 = Debug|Any CPU
		{AEF6AA71-076B-4A0E-B560-34F2D683F3EC}.Release|Any CPU.ActiveCfg = Release|Any CPU
		{AEF6AA71-076B-4A0E-B560-34F2D683F3EC}.Release|Any CPU.Build.0 = Release|Any CPU
		{285A3A71-9451-4574-9DCF-1BAB24B425FC}.Debug|Any CPU.ActiveCfg = Debug|Any CPU
		{285A3A71-9451-4574-9DCF-1BAB24B425FC}.Debug|Any CPU.Build.0 = Debug|Any CPU
		{285A3A71-9451-4574-9DCF-1BAB24B425FC}.Release|Any CPU.ActiveCfg = Release|Any CPU
		{285A3A71-9451-4574-9DCF-1BAB24B425FC}.Release|Any CPU.Build.0 = Release|Any CPU
	EndGlobalSection
	GlobalSection(SolutionProperties) = preSolution
		HideSolutionNode = FALSE
	EndGlobalSection
	GlobalSection(NestedProjects) = preSolution
		{D5B03375-7D45-410F-9206-AC00F7A1003F} = {62812932-7885-4105-8805-45C926AC2C4C}
		{6E2BA580-8AF8-4420-B7AB-856C7486622A} = {0156B2BF-EEFB-48EF-90D0-7E7531E442C1}
		{9C3BFC9E-B434-435B-9A32-681E47C05B90} = {D6309D57-4ADC-4477-A078-8045F3F9BC11}
		{D6309D57-4ADC-4477-A078-8045F3F9BC11} = {6F66DE42-FA72-4B7D-92A2-7336E811B30C}
		{594ED7F9-5A31-4A40-BAE2-180617169F7F} = {6F1048A4-A340-469C-B7D8-E7A332B3DCB1}
		{63BC3CBF-4F59-4D2A-BCD7-71B8C195E563} = {6F66DE42-FA72-4B7D-92A2-7336E811B30C}
		{0468099D-A93A-48F1-B412-CB0E5D449EAA} = {63BC3CBF-4F59-4D2A-BCD7-71B8C195E563}
		{A37004F5-DB7F-4A02-9481-5C62A9D29C49} = {62812932-7885-4105-8805-45C926AC2C4C}
		{1EC3C537-75D9-44CB-B3C9-80B38F112E33} = {63BC3CBF-4F59-4D2A-BCD7-71B8C195E563}
		{AEF6AA71-076B-4A0E-B560-34F2D683F3EC} = {62812932-7885-4105-8805-45C926AC2C4C}
		{285A3A71-9451-4574-9DCF-1BAB24B425FC} = {0156B2BF-EEFB-48EF-90D0-7E7531E442C1}
	EndGlobalSection
EndGlobal
